
Microsoft Visual Studio Solution File, Format Version 12.00
# Visual Studio 2012
Project("{FAE04EC0-301F-11D3-BF4B-00C04F79EFBC}") = "RoleBased", "RoleBased\RoleBased.csproj", "{DD34677D-F277-467F-8A5B-4D1FF7D3E862}"
EndProject
Project("{FAE04EC0-301F-11D3-BF4B-00C04F79EFBC}") = "Basic_Login.Model", "..\basic_login\Basic_Login.Model\Basic_Login.Model.csproj", "{AE42C22B-CED1-4297-98B7-D4D5C5CD22D6}"
EndProject
Project("{FAE04EC0-301F-11D3-BF4B-00C04F79EFBC}") = "RoleBasedSecurity", "D:\Training\RoleBasedSecurity\RoleBasedSecurity.csproj", "{C1F772C2-FDD8-4E32-9669-C67EA4734D1E}"
EndProject
Global
	GlobalSection(SolutionConfigurationPlatforms) = preSolution
		Debug|Any CPU = Debug|Any CPU
		Release|Any CPU = Release|Any CPU
	EndGlobalSection
	GlobalSection(ProjectConfigurationPlatforms) = postSolution
		{DD34677D-F277-467F-8A5B-4D1FF7D3E862}.Debug|Any CPU.ActiveCfg = Debug|Any CPU
		{DD34677D-F277-467F-8A5B-4D1FF7D3E862}.Debug|Any CPU.Build.0 = Debug|Any CPU
		{DD34677D-F277-467F-8A5B-4D1FF7D3E862}.Release|Any CPU.ActiveCfg = Release|Any CPU
		{DD34677D-F277-467F-8A5B-4D1FF7D3E862}.Release|Any CPU.Build.0 = Release|Any CPU
		{AE42C22B-CED1-4297-98B7-D4D5C5CD22D6}.Debug|Any CPU.ActiveCfg = Debug|Any CPU
		{AE42C22B-CED1-4297-98B7-D4D5C5CD22D6}.Debug|Any CPU.Build.0 = Debug|Any CPU
		{AE42C22B-CED1-4297-98B7-D4D5C5CD22D6}.Release|Any CPU.ActiveCfg = Release|Any CPU
		{AE42C22B-CED1-4297-98B7-D4D5C5CD22D6}.Release|Any CPU.Build.0 = Release|Any CPU
		{C1F772C2-FDD8-4E32-9669-C67EA4734D1E}.Debug|Any CPU.ActiveCfg = Debug|Any CPU
		{C1F772C2-FDD8-4E32-9669-C67EA4734D1E}.Debug|Any CPU.Build.0 = Debug|Any CPU
		{C1F772C2-FDD8-4E32-9669-C67EA4734D1E}.Release|Any CPU.ActiveCfg = Release|Any CPU
		{C1F772C2-FDD8-4E32-9669-C67EA4734D1E}.Release|Any CPU.Build.0 = Release|Any CPU
	EndGlobalSection
	GlobalSection(SolutionProperties) = preSolution
		HideSolutionNode = FALSE
	EndGlobalSection
EndGlobal
