
Microsoft Visual Studio Solution File, Format Version 12.00
# Visual Studio 2012
Project("{2150E333-8FDC-42A3-9474-1A3956D46DE8}") = "01 Operator Overloading", "01 Operator Overloading", "{AFFEBA15-2665-4258-86D8-8D11FE58F415}"
EndProject
Project("{FAE04EC0-301F-11D3-BF4B-00C04F79EFBC}") = "OperatorOverloading.Host", "01 Operator Overloading\Operator Overloading.Host\OperatorOverloading.Host.csproj", "{1DBD1F60-8EBB-4FA2-81B4-D2A106BE68BE}"
EndProject
Project("{FAE04EC0-301F-11D3-BF4B-00C04F79EFBC}") = "OperatorOverloading.Model", "01 Operator Overloading\Operator Overloading.Model\OperatorOverloading.Model.csproj", "{73A794D1-97EE-4B38-BEE5-8A61697F1B5C}"
EndProject
Global
	GlobalSection(SolutionConfigurationPlatforms) = preSolution
		Debug|Any CPU = Debug|Any CPU
		Release|Any CPU = Release|Any CPU
	EndGlobalSection
	GlobalSection(ProjectConfigurationPlatforms) = postSolution
		{1DBD1F60-8EBB-4FA2-81B4-D2A106BE68BE}.Debug|Any CPU.ActiveCfg = Debug|Any CPU
		{1DBD1F60-8EBB-4FA2-81B4-D2A106BE68BE}.Debug|Any CPU.Build.0 = Debug|Any CPU
		{1DBD1F60-8EBB-4FA2-81B4-D2A106BE68BE}.Release|Any CPU.ActiveCfg = Release|Any CPU
		{1DBD1F60-8EBB-4FA2-81B4-D2A106BE68BE}.Release|Any CPU.Build.0 = Release|Any CPU
		{73A794D1-97EE-4B38-BEE5-8A61697F1B5C}.Debug|Any CPU.ActiveCfg = Debug|Any CPU
		{73A794D1-97EE-4B38-BEE5-8A61697F1B5C}.Debug|Any CPU.Build.0 = Debug|Any CPU
		{73A794D1-97EE-4B38-BEE5-8A61697F1B5C}.Release|Any CPU.ActiveCfg = Release|Any CPU
		{73A794D1-97EE-4B38-BEE5-8A61697F1B5C}.Release|Any CPU.Build.0 = Release|Any CPU
	EndGlobalSection
	GlobalSection(SolutionProperties) = preSolution
		HideSolutionNode = FALSE
	EndGlobalSection
	GlobalSection(NestedProjects) = preSolution
		{1DBD1F60-8EBB-4FA2-81B4-D2A106BE68BE} = {AFFEBA15-2665-4258-86D8-8D11FE58F415}
		{73A794D1-97EE-4B38-BEE5-8A61697F1B5C} = {AFFEBA15-2665-4258-86D8-8D11FE58F415}
	EndGlobalSection
EndGlobal
