
Microsoft Visual Studio Solution File, Format Version 12.00
# Visual Studio 2012
Project("{2150E333-8FDC-42A3-9474-1A3956D46DE8}") = "01 Operator Overloading", "01 Operator Overloading", "{AFFEBA15-2665-4258-86D8-8D11FE58F415}"
EndProject
Project("{FAE04EC0-301F-11D3-BF4B-00C04F79EFBC}") = "OperatorOverloading.Host", "01 Operator Overloading\Operator Overloading.Host\OperatorOverloading.Host.csproj", "{1DBD1F60-8EBB-4FA2-81B4-D2A106BE68BE}"
EndProject
Project("{FAE04EC0-301F-11D3-BF4B-00C04F79EFBC}") = "OperatorOverloading.Model", "01 Operator Overloading\Operator Overloading.Model\OperatorOverloading.Model.csproj", "{73A794D1-97EE-4B38-BEE5-8A61697F1B5C}"
EndProject
Project("{FAE04EC0-301F-11D3-BF4B-00C04F79EFBC}") = "OperatorOverloading.Dbl", "01 Operator Overloading\OperatorOverloading.Dbl\OperatorOverloading.Dbl.csproj", "{7CD84FE5-622C-4D56-8650-AD581DF4FF57}"
EndProject
Project("{2150E333-8FDC-42A3-9474-1A3956D46DE8}") = "02 Web Server", "02 Web Server", "{F508E875-993D-44D0-B9FC-D5A7EE589474}"
EndProject
Project("{FAE04EC0-301F-11D3-BF4B-00C04F79EFBC}") = "WebServer.Host", "02 Web Server\WebServer.Host\WebServer.Host.csproj", "{380741F3-566A-4EF2-889B-6519A2FB49ED}"
EndProject
Project("{FAE04EC0-301F-11D3-BF4B-00C04F79EFBC}") = "WebServer.Model", "02 Web Server\WebServer.Model\WebServer.Model.csproj", "{A1790F02-1314-4981-909B-B2007F397851}"
EndProject
Project("{2150E333-8FDC-42A3-9474-1A3956D46DE8}") = "03 Testing", "03 Testing", "{4C591EE5-20B3-4958-8A29-B25CBB8340C2}"
EndProject
Project("{FAE04EC0-301F-11D3-BF4B-00C04F79EFBC}") = "Testing.Host", "03 Testing\Tavisca.Testing.Host\Testing.Host.csproj", "{EFAF3BA9-A281-4942-91D4-0B9856D9CE15}"
EndProject
Project("{FAE04EC0-301F-11D3-BF4B-00C04F79EFBC}") = "CustomAttributes", "03 Testing\Tavisca.Testing.Attributes\CustomAttributes.csproj", "{18562AAB-C92D-4498-A3C7-000BBABA4AC9}"
EndProject
Project("{FAE04EC0-301F-11D3-BF4B-00C04F79EFBC}") = "Testing.Model", "03 Testing\Tavisca.Testing.Model\Testing.Model.csproj", "{A6543EAD-33E5-4610-96BE-8F1899BD2E43}"
EndProject
Global
	GlobalSection(SolutionConfigurationPlatforms) = preSolution
		Debug|Any CPU = Debug|Any CPU
		Release|Any CPU = Release|Any CPU
	EndGlobalSection
	GlobalSection(ProjectConfigurationPlatforms) = postSolution
		{1DBD1F60-8EBB-4FA2-81B4-D2A106BE68BE}.Debug|Any CPU.ActiveCfg = Debug|Any CPU
		{1DBD1F60-8EBB-4FA2-81B4-D2A106BE68BE}.Debug|Any CPU.Build.0 = Debug|Any CPU
		{1DBD1F60-8EBB-4FA2-81B4-D2A106BE68BE}.Release|Any CPU.ActiveCfg = Release|Any CPU
		{1DBD1F60-8EBB-4FA2-81B4-D2A106BE68BE}.Release|Any CPU.Build.0 = Release|Any CPU
		{73A794D1-97EE-4B38-BEE5-8A61697F1B5C}.Debug|Any CPU.ActiveCfg = Debug|Any CPU
		{73A794D1-97EE-4B38-BEE5-8A61697F1B5C}.Debug|Any CPU.Build.0 = Debug|Any CPU
		{73A794D1-97EE-4B38-BEE5-8A61697F1B5C}.Release|Any CPU.ActiveCfg = Release|Any CPU
		{73A794D1-97EE-4B38-BEE5-8A61697F1B5C}.Release|Any CPU.Build.0 = Release|Any CPU
		{7CD84FE5-622C-4D56-8650-AD581DF4FF57}.Debug|Any CPU.ActiveCfg = Debug|Any CPU
		{7CD84FE5-622C-4D56-8650-AD581DF4FF57}.Debug|Any CPU.Build.0 = Debug|Any CPU
		{7CD84FE5-622C-4D56-8650-AD581DF4FF57}.Release|Any CPU.ActiveCfg = Release|Any CPU
		{7CD84FE5-622C-4D56-8650-AD581DF4FF57}.Release|Any CPU.Build.0 = Release|Any CPU
		{380741F3-566A-4EF2-889B-6519A2FB49ED}.Debug|Any CPU.ActiveCfg = Debug|Any CPU
		{380741F3-566A-4EF2-889B-6519A2FB49ED}.Debug|Any CPU.Build.0 = Debug|Any CPU
		{380741F3-566A-4EF2-889B-6519A2FB49ED}.Release|Any CPU.ActiveCfg = Release|Any CPU
		{380741F3-566A-4EF2-889B-6519A2FB49ED}.Release|Any CPU.Build.0 = Release|Any CPU
		{A1790F02-1314-4981-909B-B2007F397851}.Debug|Any CPU.ActiveCfg = Debug|Any CPU
		{A1790F02-1314-4981-909B-B2007F397851}.Debug|Any CPU.Build.0 = Debug|Any CPU
		{A1790F02-1314-4981-909B-B2007F397851}.Release|Any CPU.ActiveCfg = Release|Any CPU
		{A1790F02-1314-4981-909B-B2007F397851}.Release|Any CPU.Build.0 = Release|Any CPU
		{EFAF3BA9-A281-4942-91D4-0B9856D9CE15}.Debug|Any CPU.ActiveCfg = Debug|Any CPU
		{EFAF3BA9-A281-4942-91D4-0B9856D9CE15}.Debug|Any CPU.Build.0 = Debug|Any CPU
		{EFAF3BA9-A281-4942-91D4-0B9856D9CE15}.Release|Any CPU.ActiveCfg = Release|Any CPU
		{EFAF3BA9-A281-4942-91D4-0B9856D9CE15}.Release|Any CPU.Build.0 = Release|Any CPU
		{18562AAB-C92D-4498-A3C7-000BBABA4AC9}.Debug|Any CPU.ActiveCfg = Debug|Any CPU
		{18562AAB-C92D-4498-A3C7-000BBABA4AC9}.Debug|Any CPU.Build.0 = Debug|Any CPU
		{18562AAB-C92D-4498-A3C7-000BBABA4AC9}.Release|Any CPU.ActiveCfg = Release|Any CPU
		{18562AAB-C92D-4498-A3C7-000BBABA4AC9}.Release|Any CPU.Build.0 = Release|Any CPU
		{A6543EAD-33E5-4610-96BE-8F1899BD2E43}.Debug|Any CPU.ActiveCfg = Debug|Any CPU
		{A6543EAD-33E5-4610-96BE-8F1899BD2E43}.Debug|Any CPU.Build.0 = Debug|Any CPU
		{A6543EAD-33E5-4610-96BE-8F1899BD2E43}.Release|Any CPU.ActiveCfg = Release|Any CPU
		{A6543EAD-33E5-4610-96BE-8F1899BD2E43}.Release|Any CPU.Build.0 = Release|Any CPU
	EndGlobalSection
	GlobalSection(SolutionProperties) = preSolution
		HideSolutionNode = FALSE
	EndGlobalSection
	GlobalSection(NestedProjects) = preSolution
		{1DBD1F60-8EBB-4FA2-81B4-D2A106BE68BE} = {AFFEBA15-2665-4258-86D8-8D11FE58F415}
		{73A794D1-97EE-4B38-BEE5-8A61697F1B5C} = {AFFEBA15-2665-4258-86D8-8D11FE58F415}
		{7CD84FE5-622C-4D56-8650-AD581DF4FF57} = {AFFEBA15-2665-4258-86D8-8D11FE58F415}
		{380741F3-566A-4EF2-889B-6519A2FB49ED} = {F508E875-993D-44D0-B9FC-D5A7EE589474}
		{A1790F02-1314-4981-909B-B2007F397851} = {F508E875-993D-44D0-B9FC-D5A7EE589474}
		{EFAF3BA9-A281-4942-91D4-0B9856D9CE15} = {4C591EE5-20B3-4958-8A29-B25CBB8340C2}
		{18562AAB-C92D-4498-A3C7-000BBABA4AC9} = {4C591EE5-20B3-4958-8A29-B25CBB8340C2}
		{A6543EAD-33E5-4610-96BE-8F1899BD2E43} = {4C591EE5-20B3-4958-8A29-B25CBB8340C2}
	EndGlobalSection
EndGlobal
