
Microsoft Visual Studio Solution File, Format Version 12.00
# Visual Studio 2012
Project("{E24C65DC-7377-472B-9ABA-BC803B73C61A}") = "Bouncing-ball", "http://localhost:50610", "{653EDEB3-1F1B-4623-B494-D6DE6E15C0BD}"
	ProjectSection(WebsiteProperties) = preProject
		UseIISExpress = "true"
		TargetFrameworkMoniker = ".NETFramework,Version%3Dv4.5"
		Debug.AspNetCompiler.VirtualPath = "/localhost_50610"
		Debug.AspNetCompiler.PhysicalPath = "..\..\WebSites\Bouncing-ball\"
		Debug.AspNetCompiler.TargetPath = "PrecompiledWeb\localhost_50610\"
		Debug.AspNetCompiler.Updateable = "true"
		Debug.AspNetCompiler.ForceOverwrite = "true"
		Debug.AspNetCompiler.FixedNames = "false"
		Debug.AspNetCompiler.Debug = "True"
		Release.AspNetCompiler.VirtualPath = "/localhost_50610"
		Release.AspNetCompiler.PhysicalPath = "..\..\WebSites\Bouncing-ball\"
		Release.AspNetCompiler.TargetPath = "PrecompiledWeb\localhost_50610\"
		Release.AspNetCompiler.Updateable = "true"
		Release.AspNetCompiler.ForceOverwrite = "true"
		Release.AspNetCompiler.FixedNames = "false"
		Release.AspNetCompiler.Debug = "False"
		SlnRelativePath = "..\..\WebSites\Bouncing-ball\"
		DefaultWebSiteLanguage = "Visual C#"
	EndProjectSection
EndProject
Global
	GlobalSection(SolutionConfigurationPlatforms) = preSolution
		Debug|Any CPU = Debug|Any CPU
	EndGlobalSection
	GlobalSection(ProjectConfigurationPlatforms) = postSolution
		{653EDEB3-1F1B-4623-B494-D6DE6E15C0BD}.Debug|Any CPU.ActiveCfg = Debug|Any CPU
		{653EDEB3-1F1B-4623-B494-D6DE6E15C0BD}.Debug|Any CPU.Build.0 = Debug|Any CPU
	EndGlobalSection
	GlobalSection(SolutionProperties) = preSolution
		HideSolutionNode = FALSE
	EndGlobalSection
EndGlobal
