
Microsoft Visual Studio Solution File, Format Version 12.00
# Visual Studio 2012
Project("{FAE04EC0-301F-11D3-BF4B-00C04F79EFBC}") = "EMSAutomation", "EMSAutomation\EMSAutomation.csproj", "{CFC7C935-BD9C-4335-B176-61D6136AAEA8}"
EndProject
Global
	GlobalSection(SolutionConfigurationPlatforms) = preSolution
		Debug|Any CPU = Debug|Any CPU
		Release|Any CPU = Release|Any CPU
	EndGlobalSection
	GlobalSection(ProjectConfigurationPlatforms) = postSolution
		{CFC7C935-BD9C-4335-B176-61D6136AAEA8}.Debug|Any CPU.ActiveCfg = Debug|Any CPU
		{CFC7C935-BD9C-4335-B176-61D6136AAEA8}.Debug|Any CPU.Build.0 = Debug|Any CPU
		{CFC7C935-BD9C-4335-B176-61D6136AAEA8}.Release|Any CPU.ActiveCfg = Release|Any CPU
		{CFC7C935-BD9C-4335-B176-61D6136AAEA8}.Release|Any CPU.Build.0 = Release|Any CPU
	EndGlobalSection
	GlobalSection(SolutionProperties) = preSolution
		HideSolutionNode = FALSE
	EndGlobalSection
EndGlobal
